
Microsoft Visual Studio Solution File, Format Version 12.00
# Visual Studio Version 17
VisualStudioVersion = 17.8.34316.72
MinimumVisualStudioVersion = 10.0.40219.1
Project("{FAE04EC0-301F-11D3-BF4B-00C04F79EFBC}") = "Math_Game_V3", "Math_Game_V3\Math_Game_V3.csproj", "{D13CDDD7-BF8E-40BB-9AAA-720445AAD509}"
EndProject
Global
	GlobalSection(SolutionConfigurationPlatforms) = preSolution
		Debug|Any CPU = Debug|Any CPU
		Release|Any CPU = Release|Any CPU
	EndGlobalSection
	GlobalSection(ProjectConfigurationPlatforms) = postSolution
		{D13CDDD7-BF8E-40BB-9AAA-720445AAD509}.Debug|Any CPU.ActiveCfg = Debug|Any CPU
		{D13CDDD7-BF8E-40BB-9AAA-720445AAD509}.Debug|Any CPU.Build.0 = Debug|Any CPU
		{D13CDDD7-BF8E-40BB-9AAA-720445AAD509}.Release|Any CPU.ActiveCfg = Release|Any CPU
		{D13CDDD7-BF8E-40BB-9AAA-720445AAD509}.Release|Any CPU.Build.0 = Release|Any CPU
	EndGlobalSection
	GlobalSection(SolutionProperties) = preSolution
		HideSolutionNode = FALSE
	EndGlobalSection
	GlobalSection(ExtensibilityGlobals) = postSolution
		SolutionGuid = {4939A490-68D7-446E-AF9B-A60863AD58AD}
	EndGlobalSection
EndGlobal
